
Microsoft Visual Studio Solution File, Format Version 12.00
# Visual Studio Version 17
VisualStudioVersion = 17.14.36414.22 d17.14
MinimumVisualStudioVersion = 10.0.40219.1
Project("{FAE04EC0-301F-11D3-BF4B-00C04F79EFBC}") = "CapaPresentacion", "CapaPresentacion.csproj", "{0509E669-CD0E-40DB-BD6E-1D6274A8A4F9}"
EndProject
Project("{FAE04EC0-301F-11D3-BF4B-00C04F79EFBC}") = "CapaEntidades", "..\CapaEntidades\CapaEntidades.csproj", "{61AC79F6-C65B-4902-BA9B-FDD902EC4BA9}"
EndProject
Project("{FAE04EC0-301F-11D3-BF4B-00C04F79EFBC}") = "CapaNegocios", "..\CapaNegocios\CapaNegocios.csproj", "{99139B9A-E377-47A3-AC00-6308C8B15E9F}"
EndProject
Project("{FAE04EC0-301F-11D3-BF4B-00C04F79EFBC}") = "CapaDeDatos", "..\CapaDeDatos\CapaDeDatos.csproj", "{03107F5A-5897-4ECA-BB0C-65F98F8B9226}"
EndProject
Global
	GlobalSection(SolutionConfigurationPlatforms) = preSolution
		Debug|Any CPU = Debug|Any CPU
		Release|Any CPU = Release|Any CPU
	EndGlobalSection
	GlobalSection(ProjectConfigurationPlatforms) = postSolution
		{0509E669-CD0E-40DB-BD6E-1D6274A8A4F9}.Debug|Any CPU.ActiveCfg = Debug|Any CPU
		{0509E669-CD0E-40DB-BD6E-1D6274A8A4F9}.Debug|Any CPU.Build.0 = Debug|Any CPU
		{0509E669-CD0E-40DB-BD6E-1D6274A8A4F9}.Release|Any CPU.ActiveCfg = Release|Any CPU
		{0509E669-CD0E-40DB-BD6E-1D6274A8A4F9}.Release|Any CPU.Build.0 = Release|Any CPU
		{61AC79F6-C65B-4902-BA9B-FDD902EC4BA9}.Debug|Any CPU.ActiveCfg = Debug|Any CPU
		{61AC79F6-C65B-4902-BA9B-FDD902EC4BA9}.Debug|Any CPU.Build.0 = Debug|Any CPU
		{61AC79F6-C65B-4902-BA9B-FDD902EC4BA9}.Release|Any CPU.ActiveCfg = Release|Any CPU
		{61AC79F6-C65B-4902-BA9B-FDD902EC4BA9}.Release|Any CPU.Build.0 = Release|Any CPU
		{99139B9A-E377-47A3-AC00-6308C8B15E9F}.Debug|Any CPU.ActiveCfg = Debug|Any CPU
		{99139B9A-E377-47A3-AC00-6308C8B15E9F}.Debug|Any CPU.Build.0 = Debug|Any CPU
		{99139B9A-E377-47A3-AC00-6308C8B15E9F}.Release|Any CPU.ActiveCfg = Release|Any CPU
		{99139B9A-E377-47A3-AC00-6308C8B15E9F}.Release|Any CPU.Build.0 = Release|Any CPU
		{03107F5A-5897-4ECA-BB0C-65F98F8B9226}.Debug|Any CPU.ActiveCfg = Debug|Any CPU
		{03107F5A-5897-4ECA-BB0C-65F98F8B9226}.Debug|Any CPU.Build.0 = Debug|Any CPU
		{03107F5A-5897-4ECA-BB0C-65F98F8B9226}.Release|Any CPU.ActiveCfg = Release|Any CPU
		{03107F5A-5897-4ECA-BB0C-65F98F8B9226}.Release|Any CPU.Build.0 = Release|Any CPU
	EndGlobalSection
	GlobalSection(SolutionProperties) = preSolution
		HideSolutionNode = FALSE
	EndGlobalSection
	GlobalSection(ExtensibilityGlobals) = postSolution
		SolutionGuid = {3CB1E0BE-84D5-43DA-9445-1C5E21A01946}
	EndGlobalSection
EndGlobal
